// !$*UTF8*$!
{
	archiveVersion = 1;
	classes = {
	};
	objectVersion = 46;
	objects = {

/* Begin PBXBuildFile section */
		BF1639C71D478B2800599C17 /* AppDelegate.swift in Sources */ = {isa = PBXBuildFile; fileRef = BF1639C61D478B2800599C17 /* AppDelegate.swift */; };
		BF1639C91D478B2800599C17 /* SearchViewController.swift in Sources */ = {isa = PBXBuildFile; fileRef = BF1639C81D478B2800599C17 /* SearchViewController.swift */; };
		BF1639CC1D478B2800599C17 /* Main.storyboard in Resources */ = {isa = PBXBuildFile; fileRef = BF1639CA1D478B2800599C17 /* Main.storyboard */; };
		BF1639CE1D478B2800599C17 /* Assets.xcassets in Resources */ = {isa = PBXBuildFile; fileRef = BF1639CD1D478B2800599C17 /* Assets.xcassets */; };
		BF1639D91D4796F200599C17 /* SearchResult.swift in Sources */ = {isa = PBXBuildFile; fileRef = BF1639D81D4796F200599C17 /* SearchResult.swift */; };
		BF8A6D7E1D796EA7009254C1 /* UIImageView+DownloadImage.swift in Sources */ = {isa = PBXBuildFile; fileRef = BF8A6D7D1D796EA7009254C1 /* UIImageView+DownloadImage.swift */; };
		BF8FD9DB1D4A2BC30056071A /* SearchResultCell.xib in Resources */ = {isa = PBXBuildFile; fileRef = BF8FD9DA1D4A2BC30056071A /* SearchResultCell.xib */; };
		BF8FD9DD1D4A2F0C0056071A /* SearchResultCell.swift in Sources */ = {isa = PBXBuildFile; fileRef = BF8FD9DC1D4A2F0C0056071A /* SearchResultCell.swift */; };
		BF8FD9DF1D4A35A00056071A /* NothingFoundCell.xib in Resources */ = {isa = PBXBuildFile; fileRef = BF8FD9DE1D4A35A00056071A /* NothingFoundCell.xib */; };
		BFFA2F3A1D786FF300915AC6 /* LoadingCell.xib in Resources */ = {isa = PBXBuildFile; fileRef = BFFA2F391D786FF300915AC6 /* LoadingCell.xib */; };
/* End PBXBuildFile section */

/* Begin PBXFileReference section */
		BF1639C31D478B2800599C17 /* StoreSearch.app */ = {isa = PBXFileReference; explicitFileType = wrapper.application; includeInIndex = 0; path = StoreSearch.app; sourceTree = BUILT_PRODUCTS_DIR; };
		BF1639C61D478B2800599C17 /* AppDelegate.swift */ = {isa = PBXFileReference; lastKnownFileType = sourcecode.swift; path = AppDelegate.swift; sourceTree = "<group>"; };
		BF1639C81D478B2800599C17 /* SearchViewController.swift */ = {isa = PBXFileReference; lastKnownFileType = sourcecode.swift; path = SearchViewController.swift; sourceTree = "<group>"; };
		BF1639CB1D478B2800599C17 /* Base */ = {isa = PBXFileReference; lastKnownFileType = file.storyboard; name = Base; path = Base.lproj/Main.storyboard; sourceTree = "<group>"; };
		BF1639CD1D478B2800599C17 /* Assets.xcassets */ = {isa = PBXFileReference; lastKnownFileType = folder.assetcatalog; path = Assets.xcassets; sourceTree = "<group>"; };
		BF1639D21D478B2800599C17 /* Info.plist */ = {isa = PBXFileReference; lastKnownFileType = text.plist.xml; path = Info.plist; sourceTree = "<group>"; };
		BF1639D81D4796F200599C17 /* SearchResult.swift */ = {isa = PBXFileReference; fileEncoding = 4; lastKnownFileType = sourcecode.swift; path = SearchResult.swift; sourceTree = "<group>"; };
		BF8A6D7D1D796EA7009254C1 /* UIImageView+DownloadImage.swift */ = {isa = PBXFileReference; fileEncoding = 4; lastKnownFileType = sourcecode.swift; path = "UIImageView+DownloadImage.swift"; sourceTree = "<group>"; };
		BF8FD9DA1D4A2BC30056071A /* SearchResultCell.xib */ = {isa = PBXFileReference; fileEncoding = 4; lastKnownFileType = file.xib; path = SearchResultCell.xib; sourceTree = "<group>"; };
		BF8FD9DC1D4A2F0C0056071A /* SearchResultCell.swift */ = {isa = PBXFileReference; fileEncoding = 4; lastKnownFileType = sourcecode.swift; path = SearchResultCell.swift; sourceTree = "<group>"; };
		BF8FD9DE1D4A35A00056071A /* NothingFoundCell.xib */ = {isa = PBXFileReference; fileEncoding = 4; lastKnownFileType = file.xib; path = NothingFoundCell.xib; sourceTree = "<group>"; };
		BFFA2F391D786FF300915AC6 /* LoadingCell.xib */ = {isa = PBXFileReference; fileEncoding = 4; lastKnownFileType = file.xib; path = LoadingCell.xib; sourceTree = "<group>"; };
/* End PBXFileReference section */

/* Begin PBXFrameworksBuildPhase section */
		BF1639C01D478B2800599C17 /* Frameworks */ = {
			isa = PBXFrameworksBuildPhase;
			buildActionMask = 2147483647;
			files = (
			);
			runOnlyForDeploymentPostprocessing = 0;
		};
/* End PBXFrameworksBuildPhase section */

/* Begin PBXGroup section */
		BF1639BA1D478B2800599C17 = {
			isa = PBXGroup;
			children = (
				BF1639C51D478B2800599C17 /* StoreSearch */,
				BF1639C41D478B2800599C17 /* Products */,
			);
			sourceTree = "<group>";
		};
		BF1639C41D478B2800599C17 /* Products */ = {
			isa = PBXGroup;
			children = (
				BF1639C31D478B2800599C17 /* StoreSearch.app */,
			);
			name = Products;
			sourceTree = "<group>";
		};
		BF1639C51D478B2800599C17 /* StoreSearch */ = {
			isa = PBXGroup;
			children = (
				BF1639C61D478B2800599C17 /* AppDelegate.swift */,
				BF1639C81D478B2800599C17 /* SearchViewController.swift */,
				BF1639CA1D478B2800599C17 /* Main.storyboard */,
				BF1639CD1D478B2800599C17 /* Assets.xcassets */,
				BF1639D21D478B2800599C17 /* Info.plist */,
				BF1639D81D4796F200599C17 /* SearchResult.swift */,
				BF8FD9DA1D4A2BC30056071A /* SearchResultCell.xib */,
				BF8FD9DC1D4A2F0C0056071A /* SearchResultCell.swift */,
				BF8FD9DE1D4A35A00056071A /* NothingFoundCell.xib */,
				BFFA2F391D786FF300915AC6 /* LoadingCell.xib */,
				BF8A6D7D1D796EA7009254C1 /* UIImageView+DownloadImage.swift */,
			);
			path = StoreSearch;
			sourceTree = "<group>";
		};
/* End PBXGroup section */

/* Begin PBXNativeTarget section */
		BF1639C21D478B2800599C17 /* StoreSearch */ = {
			isa = PBXNativeTarget;
			buildConfigurationList = BF1639D51D478B2800599C17 /* Build configuration list for PBXNativeTarget "StoreSearch" */;
			buildPhases = (
				BF1639BF1D478B2800599C17 /* Sources */,
				BF1639C01D478B2800599C17 /* Frameworks */,
				BF1639C11D478B2800599C17 /* Resources */,
			);
			buildRules = (
			);
			dependencies = (
			);
			name = StoreSearch;
			productName = StoreSearch;
			productReference = BF1639C31D478B2800599C17 /* StoreSearch.app */;
			productType = "com.apple.product-type.application";
		};
/* End PBXNativeTarget section */

/* Begin PBXProject section */
		BF1639BB1D478B2800599C17 /* Project object */ = {
			isa = PBXProject;
			attributes = {
				LastSwiftUpdateCheck = 0730;
				LastUpgradeCheck = 0730;
				ORGANIZATIONNAME = infostrates;
				TargetAttributes = {
					BF1639C21D478B2800599C17 = {
						CreatedOnToolsVersion = 7.3;
					};
				};
			};
			buildConfigurationList = BF1639BE1D478B2800599C17 /* Build configuration list for PBXProject "StoreSearch" */;
			compatibilityVersion = "Xcode 3.2";
			developmentRegion = English;
			hasScannedForEncodings = 0;
			knownRegions = (
				en,
				Base,
			);
			mainGroup = BF1639BA1D478B2800599C17;
			productRefGroup = BF1639C41D478B2800599C17 /* Products */;
			projectDirPath = "";
			projectRoot = "";
			targets = (
				BF1639C21D478B2800599C17 /* StoreSearch */,
			);
		};
/* End PBXProject section */

/* Begin PBXResourcesBuildPhase section */
		BF1639C11D478B2800599C17 /* Resources */ = {
			isa = PBXResourcesBuildPhase;
			buildActionMask = 2147483647;
			files = (
				BF1639CE1D478B2800599C17 /* Assets.xcassets in Resources */,
				BFFA2F3A1D786FF300915AC6 /* LoadingCell.xib in Resources */,
				BF8FD9DB1D4A2BC30056071A /* SearchResultCell.xib in Resources */,
				BF8FD9DF1D4A35A00056071A /* NothingFoundCell.xib in Resources */,
				BF1639CC1D478B2800599C17 /* Main.storyboard in Resources */,
			);
			runOnlyForDeploymentPostprocessing = 0;
		};
/* End PBXResourcesBuildPhase section */

/* Begin PBXSourcesBuildPhase section */
		BF1639BF1D478B2800599C17 /* Sources */ = {
			isa = PBXSourcesBuildPhase;
			buildActionMask = 2147483647;
			files = (
				BF1639C91D478B2800599C17 /* SearchViewController.swift in Sources */,
				BF1639D91D4796F200599C17 /* SearchResult.swift in Sources */,
				BF8FD9DD1D4A2F0C0056071A /* SearchResultCell.swift in Sources */,
				BF1639C71D478B2800599C17 /* AppDelegate.swift in Sources */,
				BF8A6D7E1D796EA7009254C1 /* UIImageView+DownloadImage.swift in Sources */,
			);
			runOnlyForDeploymentPostprocessing = 0;
		};
/* End PBXSourcesBuildPhase section */

/* Begin PBXVariantGroup section */
		BF1639CA1D478B2800599C17 /* Main.storyboard */ = {
			isa = PBXVariantGroup;
			children = (
				BF1639CB1D478B2800599C17 /* Base */,
			);
			name = Main.storyboard;
			sourceTree = "<group>";
		};
/* End PBXVariantGroup section */

/* Begin XCBuildConfiguration section */
		BF1639D31D478B2800599C17 /* Debug */ = {
			isa = XCBuildConfiguration;
			buildSettings = {
				ALWAYS_SEARCH_USER_PATHS = NO;
				CLANG_ANALYZER_NONNULL = YES;
				CLANG_CXX_LANGUAGE_STANDARD = "gnu++0x";
				CLANG_CXX_LIBRARY = "libc++";
				CLANG_ENABLE_MODULES = YES;
				CLANG_ENABLE_OBJC_ARC = YES;
				CLANG_WARN_BOOL_CONVERSION = YES;
				CLANG_WARN_CONSTANT_CONVERSION = YES;
				CLANG_WARN_DIRECT_OBJC_ISA_USAGE = YES_ERROR;
				CLANG_WARN_EMPTY_BODY = YES;
				CLANG_WARN_ENUM_CONVERSION = YES;
				CLANG_WARN_INT_CONVERSION = YES;
				CLANG_WARN_OBJC_ROOT_CLASS = YES_ERROR;
				CLANG_WARN_UNREACHABLE_CODE = YES;
				CLANG_WARN__DUPLICATE_METHOD_MATCH = YES;
				"CODE_SIGN_IDENTITY[sdk=iphoneos*]" = "iPhone Developer";
				COPY_PHASE_STRIP = NO;
				DEBUG_INFORMATION_FORMAT = dwarf;
				ENABLE_STRICT_OBJC_MSGSEND = YES;
				ENABLE_TESTABILITY = YES;
				GCC_C_LANGUAGE_STANDARD = gnu99;
				GCC_DYNAMIC_NO_PIC = NO;
				GCC_NO_COMMON_BLOCKS = YES;
				GCC_OPTIMIZATION_LEVEL = 0;
				GCC_PREPROCESSOR_DEFINITIONS = (
					"DEBUG=1",
					"$(inherited)",
				);
				GCC_WARN_64_TO_32_BIT_CONVERSION = YES;
				GCC_WARN_ABOUT_RETURN_TYPE = YES_ERROR;
				GCC_WARN_UNDECLARED_SELECTOR = YES;
				GCC_WARN_UNINITIALIZED_AUTOS = YES_AGGRESSIVE;
				GCC_WARN_UNUSED_FUNCTION = YES;
				GCC_WARN_UNUSED_VARIABLE = YES;
				IPHONEOS_DEPLOYMENT_TARGET = 9.3;
				MTL_ENABLE_DEBUG_INFO = YES;
				ONLY_ACTIVE_ARCH = YES;
				SDKROOT = iphoneos;
				SWIFT_OPTIMIZATION_LEVEL = "-Onone";
			};
			name = Debug;
		};
		BF1639D41D478B2800599C17 /* Release */ = {
			isa = XCBuildConfiguration;
			buildSettings = {
				ALWAYS_SEARCH_USER_PATHS = NO;
				CLANG_ANALYZER_NONNULL = YES;
				CLANG_CXX_LANGUAGE_STANDARD = "gnu++0x";
				CLANG_CXX_LIBRARY = "libc++";
				CLANG_ENABLE_MODULES = YES;
				CLANG_ENABLE_OBJC_ARC = YES;
				CLANG_WARN_BOOL_CONVERSION = YES;
				CLANG_WARN_CONSTANT_CONVERSION = YES;
				CLANG_WARN_DIRECT_OBJC_ISA_USAGE = YES_ERROR;
				CLANG_WARN_EMPTY_BODY = YES;
				CLANG_WARN_ENUM_CONVERSION = YES;
				CLANG_WARN_INT_CONVERSION = YES;
				CLANG_WARN_OBJC_ROOT_CLASS = YES_ERROR;
				CLANG_WARN_UNREACHABLE_CODE = YES;
				CLANG_WARN__DUPLICATE_METHOD_MATCH = YES;
				"CODE_SIGN_IDENTITY[sdk=iphoneos*]" = "iPhone Developer";
				COPY_PHASE_STRIP = NO;
				DEBUG_INFORMATION_FORMAT = "dwarf-with-dsym";
				ENABLE_NS_ASSERTIONS = NO;
				ENABLE_STRICT_OBJC_MSGSEND = YES;
				GCC_C_LANGUAGE_STANDARD = gnu99;
				GCC_NO_COMMON_BLOCKS = YES;
				GCC_WARN_64_TO_32_BIT_CONVERSION = YES;
				GCC_WARN_ABOUT_RETURN_TYPE = YES_ERROR;
				GCC_WARN_UNDECLARED_SELECTOR = YES;
				GCC_WARN_UNINITIALIZED_AUTOS = YES_AGGRESSIVE;
				GCC_WARN_UNUSED_FUNCTION = YES;
				GCC_WARN_UNUSED_VARIABLE = YES;
				IPHONEOS_DEPLOYMENT_TARGET = 9.3;
				MTL_ENABLE_DEBUG_INFO = NO;
				SDKROOT = iphoneos;
				VALIDATE_PRODUCT = YES;
			};
			name = Release;
		};
		BF1639D61D478B2800599C17 /* Debug */ = {
			isa = XCBuildConfiguration;
			buildSettings = {
				ASSETCATALOG_COMPILER_APPICON_NAME = AppIcon;
				INFOPLIST_FILE = StoreSearch/Info.plist;
				LD_RUNPATH_SEARCH_PATHS = "$(inherited) @executable_path/Frameworks";
				PRODUCT_BUNDLE_IDENTIFIER = fr.infostrates.StoreSearch;
				PRODUCT_NAME = "$(TARGET_NAME)";
			};
			name = Debug;
		};
		BF1639D71D478B2800599C17 /* Release */ = {
			isa = XCBuildConfiguration;
			buildSettings = {
				ASSETCATALOG_COMPILER_APPICON_NAME = AppIcon;
				INFOPLIST_FILE = StoreSearch/Info.plist;
				LD_RUNPATH_SEARCH_PATHS = "$(inherited) @executable_path/Frameworks";
				PRODUCT_BUNDLE_IDENTIFIER = fr.infostrates.StoreSearch;
				PRODUCT_NAME = "$(TARGET_NAME)";
			};
			name = Release;
		};
/* End XCBuildConfiguration section */

/* Begin XCConfigurationList section */
		BF1639BE1D478B2800599C17 /* Build configuration list for PBXProject "StoreSearch" */ = {
			isa = XCConfigurationList;
			buildConfigurations = (
				BF1639D31D478B2800599C17 /* Debug */,
				BF1639D41D478B2800599C17 /* Release */,
			);
			defaultConfigurationIsVisible = 0;
			defaultConfigurationName = Release;
		};
		BF1639D51D478B2800599C17 /* Build configuration list for PBXNativeTarget "StoreSearch" */ = {
			isa = XCConfigurationList;
			buildConfigurations = (
				BF1639D61D478B2800599C17 /* Debug */,
				BF1639D71D478B2800599C17 /* Release */,
			);
			defaultConfigurationIsVisible = 0;
			defaultConfigurationName = Release;
		};
/* End XCConfigurationList section */
	};
	rootObject = BF1639BB1D478B2800599C17 /* Project object */;
}
